{
  "name": "DSA-in-JS",
  "lockfileVersion": 2,
  "requires": true,
  "packages": {
    "": {
      "dependencies": {
        "startaudiocontext": "^1.2.1"
      }
    },
    "node_modules/startaudiocontext": {
      "version": "1.2.1",
      "resolved": "https://registry.npmjs.org/startaudiocontext/-/startaudiocontext-1.2.1.tgz",
      "integrity": "sha1-RtLKtUYseRGArMciPju7wycshZU="
    }
  },
  "dependencies": {
    "startaudiocontext": {
      "version": "1.2.1",
      "resolved": "https://registry.npmjs.org/startaudiocontext/-/startaudiocontext-1.2.1.tgz",
      "integrity": "sha1-RtLKtUYseRGArMciPju7wycshZU="
    }
  }
}
